
Microsoft Visual Studio Solution File, Format Version 12.00
# Visual Studio Version 16
VisualStudioVersion = 16.0.29102.190
MinimumVisualStudioVersion = 10.0.40219.1
Project("{FAE04EC0-301F-11D3-BF4B-00C04F79EFBC}") = "ComboBOX perron", "ComboBOX perron\ComboBOX perron.csproj", "{5A960A66-4F57-4722-9660-D4A0E3797C4D}"
EndProject
Global
	GlobalSection(SolutionConfigurationPlatforms) = preSolution
		Debug|Any CPU = Debug|Any CPU
		Release|Any CPU = Release|Any CPU
	EndGlobalSection
	GlobalSection(ProjectConfigurationPlatforms) = postSolution
		{5A960A66-4F57-4722-9660-D4A0E3797C4D}.Debug|Any CPU.ActiveCfg = Debug|Any CPU
		{5A960A66-4F57-4722-9660-D4A0E3797C4D}.Debug|Any CPU.Build.0 = Debug|Any CPU
		{5A960A66-4F57-4722-9660-D4A0E3797C4D}.Release|Any CPU.ActiveCfg = Release|Any CPU
		{5A960A66-4F57-4722-9660-D4A0E3797C4D}.Release|Any CPU.Build.0 = Release|Any CPU
	EndGlobalSection
	GlobalSection(SolutionProperties) = preSolution
		HideSolutionNode = FALSE
	EndGlobalSection
	GlobalSection(ExtensibilityGlobals) = postSolution
		SolutionGuid = {C32B3EDC-73F8-46FE-84B9-87F361801BB0}
	EndGlobalSection
EndGlobal
